
Microsoft Visual Studio Solution File, Format Version 12.00
# Visual Studio Version 16
VisualStudioVersion = 16.0.30011.22
MinimumVisualStudioVersion = 10.0.40219.1
Project("{9A19103F-16F7-4668-BE54-9A1E7A4F7556}") = "categorization", "categorization\categorization.csproj", "{CE9B1DF3-A40E-40F5-AE1A-1C2B31F0002F}"
EndProject
Project("{9A19103F-16F7-4668-BE54-9A1E7A4F7556}") = "core", "core\core.csproj", "{79C6C362-873F-40B5-916D-2182126B27F5}"
EndProject
Project("{FAE04EC0-301F-11D3-BF4B-00C04F79EFBC}") = "learning.tests", "learning.tests\learning.tests.csproj", "{0C46ED04-57F3-44A5-A886-DC6448D01651}"
EndProject
Global
	GlobalSection(SolutionConfigurationPlatforms) = preSolution
		Debug|Any CPU = Debug|Any CPU
		Release|Any CPU = Release|Any CPU
	EndGlobalSection
	GlobalSection(ProjectConfigurationPlatforms) = postSolution
		{CE9B1DF3-A40E-40F5-AE1A-1C2B31F0002F}.Debug|Any CPU.ActiveCfg = Debug|Any CPU
		{CE9B1DF3-A40E-40F5-AE1A-1C2B31F0002F}.Debug|Any CPU.Build.0 = Debug|Any CPU
		{CE9B1DF3-A40E-40F5-AE1A-1C2B31F0002F}.Release|Any CPU.ActiveCfg = Release|Any CPU
		{CE9B1DF3-A40E-40F5-AE1A-1C2B31F0002F}.Release|Any CPU.Build.0 = Release|Any CPU
		{79C6C362-873F-40B5-916D-2182126B27F5}.Debug|Any CPU.ActiveCfg = Debug|Any CPU
		{79C6C362-873F-40B5-916D-2182126B27F5}.Debug|Any CPU.Build.0 = Debug|Any CPU
		{79C6C362-873F-40B5-916D-2182126B27F5}.Release|Any CPU.ActiveCfg = Release|Any CPU
		{79C6C362-873F-40B5-916D-2182126B27F5}.Release|Any CPU.Build.0 = Release|Any CPU
		{0C46ED04-57F3-44A5-A886-DC6448D01651}.Debug|Any CPU.ActiveCfg = Debug|Any CPU
		{0C46ED04-57F3-44A5-A886-DC6448D01651}.Debug|Any CPU.Build.0 = Debug|Any CPU
		{0C46ED04-57F3-44A5-A886-DC6448D01651}.Release|Any CPU.ActiveCfg = Release|Any CPU
		{0C46ED04-57F3-44A5-A886-DC6448D01651}.Release|Any CPU.Build.0 = Release|Any CPU
	EndGlobalSection
	GlobalSection(SolutionProperties) = preSolution
		HideSolutionNode = FALSE
	EndGlobalSection
	GlobalSection(ExtensibilityGlobals) = postSolution
		SolutionGuid = {483F7089-B255-43C4-8BFB-E5C0260BCC17}
	EndGlobalSection
EndGlobal
